// !$*UTF8*$!
{
	archiveVersion = 1;
	classes = {
	};
	objectVersion = 46;
	objects = {

/* Begin PBXBuildFile section */
		56C58B481A47C6BC007E1B6B /* Foundation.framework in Frameworks */ = {isa = PBXBuildFile; fileRef = 56C58B471A47C6BC007E1B6B /* Foundation.framework */; };
		56C58B4A1A47C6BC007E1B6B /* CoreGraphics.framework in Frameworks */ = {isa = PBXBuildFile; fileRef = 56C58B491A47C6BC007E1B6B /* CoreGraphics.framework */; };
		56C58B4C1A47C6BC007E1B6B /* UIKit.framework in Frameworks */ = {isa = PBXBuildFile; fileRef = 56C58B4B1A47C6BC007E1B6B /* UIKit.framework */; };
		56C58B521A47C6BC007E1B6B /* InfoPlist.strings in Resources */ = {isa = PBXBuildFile; fileRef = 56C58B501A47C6BC007E1B6B /* InfoPlist.strings */; };
		56C58B541A47C6BC007E1B6B /* main.m in Sources */ = {isa = PBXBuildFile; fileRef = 56C58B531A47C6BC007E1B6B /* main.m */; };
		56C58B581A47C6BC007E1B6B /* AppDelegate.m in Sources */ = {isa = PBXBuildFile; fileRef = 56C58B571A47C6BC007E1B6B /* AppDelegate.m */; };
		56C58B5A1A47C6BC007E1B6B /* Images.xcassets in Resources */ = {isa = PBXBuildFile; fileRef = 56C58B591A47C6BC007E1B6B /* Images.xcassets */; };
		56C58B611A47C6BC007E1B6B /* XCTest.framework in Frameworks */ = {isa = PBXBuildFile; fileRef = 56C58B601A47C6BC007E1B6B /* XCTest.framework */; };
		56C58B621A47C6BC007E1B6B /* Foundation.framework in Frameworks */ = {isa = PBXBuildFile; fileRef = 56C58B471A47C6BC007E1B6B /* Foundation.framework */; };
		56C58B631A47C6BC007E1B6B /* UIKit.framework in Frameworks */ = {isa = PBXBuildFile; fileRef = 56C58B4B1A47C6BC007E1B6B /* UIKit.framework */; };
		56C58B6B1A47C6BD007E1B6B /* InfoPlist.strings in Resources */ = {isa = PBXBuildFile; fileRef = 56C58B691A47C6BD007E1B6B /* InfoPlist.strings */; };
		56C58B6D1A47C6BD007E1B6B /* Guizhou_UniversityTests.m in Sources */ = {isa = PBXBuildFile; fileRef = 56C58B6C1A47C6BD007E1B6B /* Guizhou_UniversityTests.m */; };
		56C58B7B1A4848C4007E1B6B /* TabBarViewController.m in Sources */ = {isa = PBXBuildFile; fileRef = 56C58B7A1A4848C4007E1B6B /* TabBarViewController.m */; };
		56C58B7E1A485A0B007E1B6B /* MainViewController.m in Sources */ = {isa = PBXBuildFile; fileRef = 56C58B7D1A485A0B007E1B6B /* MainViewController.m */; };
		56C58B811A485AA9007E1B6B /* CyclopediaViewController.m in Sources */ = {isa = PBXBuildFile; fileRef = 56C58B801A485AA9007E1B6B /* CyclopediaViewController.m */; };
		56C58B841A485ACD007E1B6B /* NavigationViewController.m in Sources */ = {isa = PBXBuildFile; fileRef = 56C58B831A485ACD007E1B6B /* NavigationViewController.m */; };
		56C58B871A485B6F007E1B6B /* DiscussionViewController.m in Sources */ = {isa = PBXBuildFile; fileRef = 56C58B861A485B6F007E1B6B /* DiscussionViewController.m */; };
		56C58B8A1A485B99007E1B6B /* CampusViewController.m in Sources */ = {isa = PBXBuildFile; fileRef = 56C58B891A485B99007E1B6B /* CampusViewController.m */; };
/* End PBXBuildFile section */

/* Begin PBXContainerItemProxy section */
		56C58B641A47C6BD007E1B6B /* PBXContainerItemProxy */ = {
			isa = PBXContainerItemProxy;
			containerPortal = 56C58B3C1A47C6BC007E1B6B /* Project object */;
			proxyType = 1;
			remoteGlobalIDString = 56C58B431A47C6BC007E1B6B;
			remoteInfo = "Guizhou University";
		};
/* End PBXContainerItemProxy section */

/* Begin PBXFileReference section */
		56C58B441A47C6BC007E1B6B /* Guizhou University.app */ = {isa = PBXFileReference; explicitFileType = wrapper.application; includeInIndex = 0; path = "Guizhou University.app"; sourceTree = BUILT_PRODUCTS_DIR; };
		56C58B471A47C6BC007E1B6B /* Foundation.framework */ = {isa = PBXFileReference; lastKnownFileType = wrapper.framework; name = Foundation.framework; path = System/Library/Frameworks/Foundation.framework; sourceTree = SDKROOT; };
		56C58B491A47C6BC007E1B6B /* CoreGraphics.framework */ = {isa = PBXFileReference; lastKnownFileType = wrapper.framework; name = CoreGraphics.framework; path = System/Library/Frameworks/CoreGraphics.framework; sourceTree = SDKROOT; };
		56C58B4B1A47C6BC007E1B6B /* UIKit.framework */ = {isa = PBXFileReference; lastKnownFileType = wrapper.framework; name = UIKit.framework; path = System/Library/Frameworks/UIKit.framework; sourceTree = SDKROOT; };
		56C58B4F1A47C6BC007E1B6B /* Guizhou University-Info.plist */ = {isa = PBXFileReference; lastKnownFileType = text.plist.xml; path = "Guizhou University-Info.plist"; sourceTree = "<group>"; };
		56C58B511A47C6BC007E1B6B /* en */ = {isa = PBXFileReference; lastKnownFileType = text.plist.strings; name = en; path = en.lproj/InfoPlist.strings; sourceTree = "<group>"; };
		56C58B531A47C6BC007E1B6B /* main.m */ = {isa = PBXFileReference; lastKnownFileType = sourcecode.c.objc; path = main.m; sourceTree = "<group>"; };
		56C58B551A47C6BC007E1B6B /* Guizhou University-Prefix.pch */ = {isa = PBXFileReference; lastKnownFileType = sourcecode.c.h; path = "Guizhou University-Prefix.pch"; sourceTree = "<group>"; };
		56C58B561A47C6BC007E1B6B /* AppDelegate.h */ = {isa = PBXFileReference; lastKnownFileType = sourcecode.c.h; path = AppDelegate.h; sourceTree = "<group>"; };
		56C58B571A47C6BC007E1B6B /* AppDelegate.m */ = {isa = PBXFileReference; lastKnownFileType = sourcecode.c.objc; path = AppDelegate.m; sourceTree = "<group>"; };
		56C58B591A47C6BC007E1B6B /* Images.xcassets */ = {isa = PBXFileReference; lastKnownFileType = folder.assetcatalog; path = Images.xcassets; sourceTree = "<group>"; };
		56C58B5F1A47C6BC007E1B6B /* Guizhou UniversityTests.xctest */ = {isa = PBXFileReference; explicitFileType = wrapper.cfbundle; includeInIndex = 0; path = "Guizhou UniversityTests.xctest"; sourceTree = BUILT_PRODUCTS_DIR; };
		56C58B601A47C6BC007E1B6B /* XCTest.framework */ = {isa = PBXFileReference; lastKnownFileType = wrapper.framework; name = XCTest.framework; path = Library/Frameworks/XCTest.framework; sourceTree = DEVELOPER_DIR; };
		56C58B681A47C6BD007E1B6B /* Guizhou UniversityTests-Info.plist */ = {isa = PBXFileReference; lastKnownFileType = text.plist.xml; path = "Guizhou UniversityTests-Info.plist"; sourceTree = "<group>"; };
		56C58B6A1A47C6BD007E1B6B /* en */ = {isa = PBXFileReference; lastKnownFileType = text.plist.strings; name = en; path = en.lproj/InfoPlist.strings; sourceTree = "<group>"; };
		56C58B6C1A47C6BD007E1B6B /* Guizhou_UniversityTests.m */ = {isa = PBXFileReference; lastKnownFileType = sourcecode.c.objc; path = Guizhou_UniversityTests.m; sourceTree = "<group>"; };
		56C58B791A4848C4007E1B6B /* TabBarViewController.h */ = {isa = PBXFileReference; fileEncoding = 4; lastKnownFileType = sourcecode.c.h; path = TabBarViewController.h; sourceTree = "<group>"; };
		56C58B7A1A4848C4007E1B6B /* TabBarViewController.m */ = {isa = PBXFileReference; fileEncoding = 4; lastKnownFileType = sourcecode.c.objc; path = TabBarViewController.m; sourceTree = "<group>"; };
		56C58B7C1A485A0B007E1B6B /* MainViewController.h */ = {isa = PBXFileReference; fileEncoding = 4; lastKnownFileType = sourcecode.c.h; path = MainViewController.h; sourceTree = "<group>"; };
		56C58B7D1A485A0B007E1B6B /* MainViewController.m */ = {isa = PBXFileReference; fileEncoding = 4; lastKnownFileType = sourcecode.c.objc; path = MainViewController.m; sourceTree = "<group>"; };
		56C58B7F1A485AA9007E1B6B /* CyclopediaViewController.h */ = {isa = PBXFileReference; fileEncoding = 4; lastKnownFileType = sourcecode.c.h; path = CyclopediaViewController.h; sourceTree = "<group>"; };
		56C58B801A485AA9007E1B6B /* CyclopediaViewController.m */ = {isa = PBXFileReference; fileEncoding = 4; lastKnownFileType = sourcecode.c.objc; path = CyclopediaViewController.m; sourceTree = "<group>"; };
		56C58B821A485ACD007E1B6B /* NavigationViewController.h */ = {isa = PBXFileReference; fileEncoding = 4; lastKnownFileType = sourcecode.c.h; path = NavigationViewController.h; sourceTree = "<group>"; };
		56C58B831A485ACD007E1B6B /* NavigationViewController.m */ = {isa = PBXFileReference; fileEncoding = 4; lastKnownFileType = sourcecode.c.objc; path = NavigationViewController.m; sourceTree = "<group>"; };
		56C58B851A485B6F007E1B6B /* DiscussionViewController.h */ = {isa = PBXFileReference; fileEncoding = 4; lastKnownFileType = sourcecode.c.h; path = DiscussionViewController.h; sourceTree = "<group>"; };
		56C58B861A485B6F007E1B6B /* DiscussionViewController.m */ = {isa = PBXFileReference; fileEncoding = 4; lastKnownFileType = sourcecode.c.objc; path = DiscussionViewController.m; sourceTree = "<group>"; };
		56C58B881A485B99007E1B6B /* CampusViewController.h */ = {isa = PBXFileReference; fileEncoding = 4; lastKnownFileType = sourcecode.c.h; path = CampusViewController.h; sourceTree = "<group>"; };
		56C58B891A485B99007E1B6B /* CampusViewController.m */ = {isa = PBXFileReference; fileEncoding = 4; lastKnownFileType = sourcecode.c.objc; path = CampusViewController.m; sourceTree = "<group>"; };
/* End PBXFileReference section */

/* Begin PBXFrameworksBuildPhase section */
		56C58B411A47C6BC007E1B6B /* Frameworks */ = {
			isa = PBXFrameworksBuildPhase;
			buildActionMask = 2147483647;
			files = (
				56C58B4A1A47C6BC007E1B6B /* CoreGraphics.framework in Frameworks */,
				56C58B4C1A47C6BC007E1B6B /* UIKit.framework in Frameworks */,
				56C58B481A47C6BC007E1B6B /* Foundation.framework in Frameworks */,
			);
			runOnlyForDeploymentPostprocessing = 0;
		};
		56C58B5C1A47C6BC007E1B6B /* Frameworks */ = {
			isa = PBXFrameworksBuildPhase;
			buildActionMask = 2147483647;
			files = (
				56C58B611A47C6BC007E1B6B /* XCTest.framework in Frameworks */,
				56C58B631A47C6BC007E1B6B /* UIKit.framework in Frameworks */,
				56C58B621A47C6BC007E1B6B /* Foundation.framework in Frameworks */,
			);
			runOnlyForDeploymentPostprocessing = 0;
		};
/* End PBXFrameworksBuildPhase section */

/* Begin PBXGroup section */
		56C58B3B1A47C6BC007E1B6B = {
			isa = PBXGroup;
			children = (
				56C58B4D1A47C6BC007E1B6B /* Guizhou University */,
				56C58B661A47C6BD007E1B6B /* Guizhou UniversityTests */,
				56C58B461A47C6BC007E1B6B /* Frameworks */,
				56C58B451A47C6BC007E1B6B /* Products */,
			);
			sourceTree = "<group>";
		};
		56C58B451A47C6BC007E1B6B /* Products */ = {
			isa = PBXGroup;
			children = (
				56C58B441A47C6BC007E1B6B /* Guizhou University.app */,
				56C58B5F1A47C6BC007E1B6B /* Guizhou UniversityTests.xctest */,
			);
			name = Products;
			sourceTree = "<group>";
		};
		56C58B461A47C6BC007E1B6B /* Frameworks */ = {
			isa = PBXGroup;
			children = (
				56C58B471A47C6BC007E1B6B /* Foundation.framework */,
				56C58B491A47C6BC007E1B6B /* CoreGraphics.framework */,
				56C58B4B1A47C6BC007E1B6B /* UIKit.framework */,
				56C58B601A47C6BC007E1B6B /* XCTest.framework */,
			);
			name = Frameworks;
			sourceTree = "<group>";
		};
		56C58B4D1A47C6BC007E1B6B /* Guizhou University */ = {
			isa = PBXGroup;
			children = (
				56C58B561A47C6BC007E1B6B /* AppDelegate.h */,
				56C58B571A47C6BC007E1B6B /* AppDelegate.m */,
				56C58B791A4848C4007E1B6B /* TabBarViewController.h */,
				56C58B7A1A4848C4007E1B6B /* TabBarViewController.m */,
				56C58B7C1A485A0B007E1B6B /* MainViewController.h */,
				56C58B7D1A485A0B007E1B6B /* MainViewController.m */,
				56C58B7F1A485AA9007E1B6B /* CyclopediaViewController.h */,
				56C58B801A485AA9007E1B6B /* CyclopediaViewController.m */,
				56C58B821A485ACD007E1B6B /* NavigationViewController.h */,
				56C58B831A485ACD007E1B6B /* NavigationViewController.m */,
				56C58B851A485B6F007E1B6B /* DiscussionViewController.h */,
				56C58B861A485B6F007E1B6B /* DiscussionViewController.m */,
				56C58B881A485B99007E1B6B /* CampusViewController.h */,
				56C58B891A485B99007E1B6B /* CampusViewController.m */,
				56C58B591A47C6BC007E1B6B /* Images.xcassets */,
				56C58B4E1A47C6BC007E1B6B /* Supporting Files */,
			);
			path = "Guizhou University";
			sourceTree = "<group>";
		};
		56C58B4E1A47C6BC007E1B6B /* Supporting Files */ = {
			isa = PBXGroup;
			children = (
				56C58B4F1A47C6BC007E1B6B /* Guizhou University-Info.plist */,
				56C58B501A47C6BC007E1B6B /* InfoPlist.strings */,
				56C58B531A47C6BC007E1B6B /* main.m */,
				56C58B551A47C6BC007E1B6B /* Guizhou University-Prefix.pch */,
			);
			name = "Supporting Files";
			sourceTree = "<group>";
		};
		56C58B661A47C6BD007E1B6B /* Guizhou UniversityTests */ = {
			isa = PBXGroup;
			children = (
				56C58B6C1A47C6BD007E1B6B /* Guizhou_UniversityTests.m */,
				56C58B671A47C6BD007E1B6B /* Supporting Files */,
			);
			path = "Guizhou UniversityTests";
			sourceTree = "<group>";
		};
		56C58B671A47C6BD007E1B6B /* Supporting Files */ = {
			isa = PBXGroup;
			children = (
				56C58B681A47C6BD007E1B6B /* Guizhou UniversityTests-Info.plist */,
				56C58B691A47C6BD007E1B6B /* InfoPlist.strings */,
			);
			name = "Supporting Files";
			sourceTree = "<group>";
		};
/* End PBXGroup section */

/* Begin PBXNativeTarget section */
		56C58B431A47C6BC007E1B6B /* Guizhou University */ = {
			isa = PBXNativeTarget;
			buildConfigurationList = 56C58B701A47C6BD007E1B6B /* Build configuration list for PBXNativeTarget "Guizhou University" */;
			buildPhases = (
				56C58B401A47C6BC007E1B6B /* Sources */,
				56C58B411A47C6BC007E1B6B /* Frameworks */,
				56C58B421A47C6BC007E1B6B /* Resources */,
			);
			buildRules = (
			);
			dependencies = (
			);
			name = "Guizhou University";
			productName = "Guizhou University";
			productReference = 56C58B441A47C6BC007E1B6B /* Guizhou University.app */;
			productType = "com.apple.product-type.application";
		};
		56C58B5E1A47C6BC007E1B6B /* Guizhou UniversityTests */ = {
			isa = PBXNativeTarget;
			buildConfigurationList = 56C58B731A47C6BD007E1B6B /* Build configuration list for PBXNativeTarget "Guizhou UniversityTests" */;
			buildPhases = (
				56C58B5B1A47C6BC007E1B6B /* Sources */,
				56C58B5C1A47C6BC007E1B6B /* Frameworks */,
				56C58B5D1A47C6BC007E1B6B /* Resources */,
			);
			buildRules = (
			);
			dependencies = (
				56C58B651A47C6BD007E1B6B /* PBXTargetDependency */,
			);
			name = "Guizhou UniversityTests";
			productName = "Guizhou UniversityTests";
			productReference = 56C58B5F1A47C6BC007E1B6B /* Guizhou UniversityTests.xctest */;
			productType = "com.apple.product-type.bundle.unit-test";
		};
/* End PBXNativeTarget section */

/* Begin PBXProject section */
		56C58B3C1A47C6BC007E1B6B /* Project object */ = {
			isa = PBXProject;
			attributes = {
				LastUpgradeCheck = 0510;
				ORGANIZATIONNAME = "IOS-develop";
				TargetAttributes = {
					56C58B5E1A47C6BC007E1B6B = {
						TestTargetID = 56C58B431A47C6BC007E1B6B;
					};
				};
			};
			buildConfigurationList = 56C58B3F1A47C6BC007E1B6B /* Build configuration list for PBXProject "Guizhou University" */;
			compatibilityVersion = "Xcode 3.2";
			developmentRegion = English;
			hasScannedForEncodings = 0;
			knownRegions = (
				en,
			);
			mainGroup = 56C58B3B1A47C6BC007E1B6B;
			productRefGroup = 56C58B451A47C6BC007E1B6B /* Products */;
			projectDirPath = "";
			projectRoot = "";
			targets = (
				56C58B431A47C6BC007E1B6B /* Guizhou University */,
				56C58B5E1A47C6BC007E1B6B /* Guizhou UniversityTests */,
			);
		};
/* End PBXProject section */

/* Begin PBXResourcesBuildPhase section */
		56C58B421A47C6BC007E1B6B /* Resources */ = {
			isa = PBXResourcesBuildPhase;
			buildActionMask = 2147483647;
			files = (
				56C58B521A47C6BC007E1B6B /* InfoPlist.strings in Resources */,
				56C58B5A1A47C6BC007E1B6B /* Images.xcassets in Resources */,
			);
			runOnlyForDeploymentPostprocessing = 0;
		};
		56C58B5D1A47C6BC007E1B6B /* Resources */ = {
			isa = PBXResourcesBuildPhase;
			buildActionMask = 2147483647;
			files = (
				56C58B6B1A47C6BD007E1B6B /* InfoPlist.strings in Resources */,
			);
			runOnlyForDeploymentPostprocessing = 0;
		};
/* End PBXResourcesBuildPhase section */

/* Begin PBXSourcesBuildPhase section */
		56C58B401A47C6BC007E1B6B /* Sources */ = {
			isa = PBXSourcesBuildPhase;
			buildActionMask = 2147483647;
			files = (
				56C58B871A485B6F007E1B6B /* DiscussionViewController.m in Sources */,
				56C58B7B1A4848C4007E1B6B /* TabBarViewController.m in Sources */,
				56C58B811A485AA9007E1B6B /* CyclopediaViewController.m in Sources */,
				56C58B841A485ACD007E1B6B /* NavigationViewController.m in Sources */,
				56C58B581A47C6BC007E1B6B /* AppDelegate.m in Sources */,
				56C58B8A1A485B99007E1B6B /* CampusViewController.m in Sources */,
				56C58B7E1A485A0B007E1B6B /* MainViewController.m in Sources */,
				56C58B541A47C6BC007E1B6B /* main.m in Sources */,
			);
			runOnlyForDeploymentPostprocessing = 0;
		};
		56C58B5B1A47C6BC007E1B6B /* Sources */ = {
			isa = PBXSourcesBuildPhase;
			buildActionMask = 2147483647;
			files = (
				56C58B6D1A47C6BD007E1B6B /* Guizhou_UniversityTests.m in Sources */,
			);
			runOnlyForDeploymentPostprocessing = 0;
		};
/* End PBXSourcesBuildPhase section */

/* Begin PBXTargetDependency section */
		56C58B651A47C6BD007E1B6B /* PBXTargetDependency */ = {
			isa = PBXTargetDependency;
			target = 56C58B431A47C6BC007E1B6B /* Guizhou University */;
			targetProxy = 56C58B641A47C6BD007E1B6B /* PBXContainerItemProxy */;
		};
/* End PBXTargetDependency section */

/* Begin PBXVariantGroup section */
		56C58B501A47C6BC007E1B6B /* InfoPlist.strings */ = {
			isa = PBXVariantGroup;
			children = (
				56C58B511A47C6BC007E1B6B /* en */,
			);
			name = InfoPlist.strings;
			sourceTree = "<group>";
		};
		56C58B691A47C6BD007E1B6B /* InfoPlist.strings */ = {
			isa = PBXVariantGroup;
			children = (
				56C58B6A1A47C6BD007E1B6B /* en */,
			);
			name = InfoPlist.strings;
			sourceTree = "<group>";
		};
/* End PBXVariantGroup section */

/* Begin XCBuildConfiguration section */
		56C58B6E1A47C6BD007E1B6B /* Debug */ = {
			isa = XCBuildConfiguration;
			buildSettings = {
				ALWAYS_SEARCH_USER_PATHS = NO;
				CLANG_CXX_LANGUAGE_STANDARD = "gnu++0x";
				CLANG_CXX_LIBRARY = "libc++";
				CLANG_ENABLE_MODULES = YES;
				CLANG_ENABLE_OBJC_ARC = YES;
				CLANG_WARN_BOOL_CONVERSION = YES;
				CLANG_WARN_CONSTANT_CONVERSION = YES;
				CLANG_WARN_DIRECT_OBJC_ISA_USAGE = YES_ERROR;
				CLANG_WARN_EMPTY_BODY = YES;
				CLANG_WARN_ENUM_CONVERSION = YES;
				CLANG_WARN_INT_CONVERSION = YES;
				CLANG_WARN_OBJC_ROOT_CLASS = YES_ERROR;
				CLANG_WARN__DUPLICATE_METHOD_MATCH = YES;
				"CODE_SIGN_IDENTITY[sdk=iphoneos*]" = "iPhone Developer";
				COPY_PHASE_STRIP = NO;
				GCC_C_LANGUAGE_STANDARD = gnu99;
				GCC_DYNAMIC_NO_PIC = NO;
				GCC_OPTIMIZATION_LEVEL = 0;
				GCC_PREPROCESSOR_DEFINITIONS = (
					"DEBUG=1",
					"$(inherited)",
				);
				GCC_SYMBOLS_PRIVATE_EXTERN = NO;
				GCC_WARN_64_TO_32_BIT_CONVERSION = YES;
				GCC_WARN_ABOUT_RETURN_TYPE = YES_ERROR;
				GCC_WARN_UNDECLARED_SELECTOR = YES;
				GCC_WARN_UNINITIALIZED_AUTOS = YES_AGGRESSIVE;
				GCC_WARN_UNUSED_FUNCTION = YES;
				GCC_WARN_UNUSED_VARIABLE = YES;
				IPHONEOS_DEPLOYMENT_TARGET = 7.1;
				ONLY_ACTIVE_ARCH = YES;
				SDKROOT = iphoneos;
				TARGETED_DEVICE_FAMILY = "1,2";
			};
			name = Debug;
		};
		56C58B6F1A47C6BD007E1B6B /* Release */ = {
			isa = XCBuildConfiguration;
			buildSettings = {
				ALWAYS_SEARCH_USER_PATHS = NO;
				CLANG_CXX_LANGUAGE_STANDARD = "gnu++0x";
				CLANG_CXX_LIBRARY = "libc++";
				CLANG_ENABLE_MODULES = YES;
				CLANG_ENABLE_OBJC_ARC = YES;
				CLANG_WARN_BOOL_CONVERSION = YES;
				CLANG_WARN_CONSTANT_CONVERSION = YES;
				CLANG_WARN_DIRECT_OBJC_ISA_USAGE = YES_ERROR;
				CLANG_WARN_EMPTY_BODY = YES;
				CLANG_WARN_ENUM_CONVERSION = YES;
				CLANG_WARN_INT_CONVERSION = YES;
				CLANG_WARN_OBJC_ROOT_CLASS = YES_ERROR;
				CLANG_WARN__DUPLICATE_METHOD_MATCH = YES;
				"CODE_SIGN_IDENTITY[sdk=iphoneos*]" = "iPhone Developer";
				COPY_PHASE_STRIP = YES;
				ENABLE_NS_ASSERTIONS = NO;
				GCC_C_LANGUAGE_STANDARD = gnu99;
				GCC_WARN_64_TO_32_BIT_CONVERSION = YES;
				GCC_WARN_ABOUT_RETURN_TYPE = YES_ERROR;
				GCC_WARN_UNDECLARED_SELECTOR = YES;
				GCC_WARN_UNINITIALIZED_AUTOS = YES_AGGRESSIVE;
				GCC_WARN_UNUSED_FUNCTION = YES;
				GCC_WARN_UNUSED_VARIABLE = YES;
				IPHONEOS_DEPLOYMENT_TARGET = 7.1;
				SDKROOT = iphoneos;
				TARGETED_DEVICE_FAMILY = "1,2";
				VALIDATE_PRODUCT = YES;
			};
			name = Release;
		};
		56C58B711A47C6BD007E1B6B /* Debug */ = {
			isa = XCBuildConfiguration;
			buildSettings = {
				ASSETCATALOG_COMPILER_APPICON_NAME = AppIcon;
				ASSETCATALOG_COMPILER_LAUNCHIMAGE_NAME = LaunchImage;
				GCC_PRECOMPILE_PREFIX_HEADER = YES;
				GCC_PREFIX_HEADER = "Guizhou University/Guizhou University-Prefix.pch";
				INFOPLIST_FILE = "Guizhou University/Guizhou University-Info.plist";
				PRODUCT_NAME = "$(TARGET_NAME)";
				WRAPPER_EXTENSION = app;
			};
			name = Debug;
		};
		56C58B721A47C6BD007E1B6B /* Release */ = {
			isa = XCBuildConfiguration;
			buildSettings = {
				ASSETCATALOG_COMPILER_APPICON_NAME = AppIcon;
				ASSETCATALOG_COMPILER_LAUNCHIMAGE_NAME = LaunchImage;
				GCC_PRECOMPILE_PREFIX_HEADER = YES;
				GCC_PREFIX_HEADER = "Guizhou University/Guizhou University-Prefix.pch";
				INFOPLIST_FILE = "Guizhou University/Guizhou University-Info.plist";
				PRODUCT_NAME = "$(TARGET_NAME)";
				WRAPPER_EXTENSION = app;
			};
			name = Release;
		};
		56C58B741A47C6BD007E1B6B /* Debug */ = {
			isa = XCBuildConfiguration;
			buildSettings = {
				BUNDLE_LOADER = "$(BUILT_PRODUCTS_DIR)/Guizhou University.app/Guizhou University";
				FRAMEWORK_SEARCH_PATHS = (
					"$(SDKROOT)/Developer/Library/Frameworks",
					"$(inherited)",
					"$(DEVELOPER_FRAMEWORKS_DIR)",
				);
				GCC_PRECOMPILE_PREFIX_HEADER = YES;
				GCC_PREFIX_HEADER = "Guizhou University/Guizhou University-Prefix.pch";
				GCC_PREPROCESSOR_DEFINITIONS = (
					"DEBUG=1",
					"$(inherited)",
				);
				INFOPLIST_FILE = "Guizhou UniversityTests/Guizhou UniversityTests-Info.plist";
				PRODUCT_NAME = "$(TARGET_NAME)";
				TEST_HOST = "$(BUNDLE_LOADER)";
				WRAPPER_EXTENSION = xctest;
			};
			name = Debug;
		};
		56C58B751A47C6BD007E1B6B /* Release */ = {
			isa = XCBuildConfiguration;
			buildSettings = {
				BUNDLE_LOADER = "$(BUILT_PRODUCTS_DIR)/Guizhou University.app/Guizhou University";
				FRAMEWORK_SEARCH_PATHS = (
					"$(SDKROOT)/Developer/Library/Frameworks",
					"$(inherited)",
					"$(DEVELOPER_FRAMEWORKS_DIR)",
				);
				GCC_PRECOMPILE_PREFIX_HEADER = YES;
				GCC_PREFIX_HEADER = "Guizhou University/Guizhou University-Prefix.pch";
				INFOPLIST_FILE = "Guizhou UniversityTests/Guizhou UniversityTests-Info.plist";
				PRODUCT_NAME = "$(TARGET_NAME)";
				TEST_HOST = "$(BUNDLE_LOADER)";
				WRAPPER_EXTENSION = xctest;
			};
			name = Release;
		};
/* End XCBuildConfiguration section */

/* Begin XCConfigurationList section */
		56C58B3F1A47C6BC007E1B6B /* Build configuration list for PBXProject "Guizhou University" */ = {
			isa = XCConfigurationList;
			buildConfigurations = (
				56C58B6E1A47C6BD007E1B6B /* Debug */,
				56C58B6F1A47C6BD007E1B6B /* Release */,
			);
			defaultConfigurationIsVisible = 0;
			defaultConfigurationName = Release;
		};
		56C58B701A47C6BD007E1B6B /* Build configuration list for PBXNativeTarget "Guizhou University" */ = {
			isa = XCConfigurationList;
			buildConfigurations = (
				56C58B711A47C6BD007E1B6B /* Debug */,
				56C58B721A47C6BD007E1B6B /* Release */,
			);
			defaultConfigurationIsVisible = 0;
			defaultConfigurationName = Release;
		};
		56C58B731A47C6BD007E1B6B /* Build configuration list for PBXNativeTarget "Guizhou UniversityTests" */ = {
			isa = XCConfigurationList;
			buildConfigurations = (
				56C58B741A47C6BD007E1B6B /* Debug */,
				56C58B751A47C6BD007E1B6B /* Release */,
			);
			defaultConfigurationIsVisible = 0;
			defaultConfigurationName = Release;
		};
/* End XCConfigurationList section */
	};
	rootObject = 56C58B3C1A47C6BC007E1B6B /* Project object */;
}
